
Microsoft Visual Studio Solution File, Format Version 12.00
# Visual Studio 15
VisualStudioVersion = 15.0.28307.1169
MinimumVisualStudioVersion = 10.0.40219.1
Project("{FAE04EC0-301F-11D3-BF4B-00C04F79EFBC}") = "WindowsFormsApp1", "WindowsFormsApp1\WindowsFormsApp1.csproj", "{BCA004A4-AEA4-4637-9EAD-B9457C01E5BF}"
EndProject
Global
	GlobalSection(SolutionConfigurationPlatforms) = preSolution
		Debug|Any CPU = Debug|Any CPU
		Release|Any CPU = Release|Any CPU
	EndGlobalSection
	GlobalSection(ProjectConfigurationPlatforms) = postSolution
		{BCA004A4-AEA4-4637-9EAD-B9457C01E5BF}.Debug|Any CPU.ActiveCfg = Debug|Any CPU
		{BCA004A4-AEA4-4637-9EAD-B9457C01E5BF}.Debug|Any CPU.Build.0 = Debug|Any CPU
		{BCA004A4-AEA4-4637-9EAD-B9457C01E5BF}.Release|Any CPU.ActiveCfg = Release|Any CPU
		{BCA004A4-AEA4-4637-9EAD-B9457C01E5BF}.Release|Any CPU.Build.0 = Release|Any CPU
	EndGlobalSection
	GlobalSection(SolutionProperties) = preSolution
		HideSolutionNode = FALSE
	EndGlobalSection
	GlobalSection(ExtensibilityGlobals) = postSolution
		SolutionGuid = {BC3354B3-F45C-46E8-A15F-02760E66F8CD}
	EndGlobalSection
EndGlobal
